
Microsoft Visual Studio Solution File, Format Version 12.00
# Visual Studio Version 17
VisualStudioVersion = 17.2.32616.157
MinimumVisualStudioVersion = 10.0.40219.1
Project("{FAE04EC0-301F-11D3-BF4B-00C04F79EFBC}") = "HoiThao", "HoiThao.csproj", "{2465FD7C-6D9D-4CF8-8E77-A8A0FA88E1D6}"
EndProject
Global
	GlobalSection(SolutionConfigurationPlatforms) = preSolution
		Debug|Any CPU = Debug|Any CPU
		Release|Any CPU = Release|Any CPU
	EndGlobalSection
	GlobalSection(ProjectConfigurationPlatforms) = postSolution
		{2465FD7C-6D9D-4CF8-8E77-A8A0FA88E1D6}.Debug|Any CPU.ActiveCfg = Debug|Any CPU
		{2465FD7C-6D9D-4CF8-8E77-A8A0FA88E1D6}.Debug|Any CPU.Build.0 = Debug|Any CPU
		{2465FD7C-6D9D-4CF8-8E77-A8A0FA88E1D6}.Release|Any CPU.ActiveCfg = Release|Any CPU
		{2465FD7C-6D9D-4CF8-8E77-A8A0FA88E1D6}.Release|Any CPU.Build.0 = Release|Any CPU
	EndGlobalSection
	GlobalSection(SolutionProperties) = preSolution
		HideSolutionNode = FALSE
	EndGlobalSection
	GlobalSection(ExtensibilityGlobals) = postSolution
		SolutionGuid = {9F48F250-B103-4D1B-9CA0-A414E0B1FBDF}
	EndGlobalSection
	
EndGlobal
